
Microsoft Visual Studio Solution File, Format Version 12.00
# Visual Studio 2017
Project("{FAE04EC0-301F-11D3-BF4B-00C04F79EFBC}") = "NoviFIFO.Plugins", "NoviFIFO.Plugins.csproj", "{D13AD1AB-A59D-9FEF-E00C-417900AC3239}"
EndProject
Project("{FAE04EC0-301F-11D3-BF4B-00C04F79EFBC}") = "NoviFIFO", "NoviFIFO.csproj", "{1095DD0F-54E0-289E-FA49-F106052BD13C}"
EndProject
Project("{FAE04EC0-301F-11D3-BF4B-00C04F79EFBC}") = "NoviFIFO.Editor.Plugins", "NoviFIFO.Editor.Plugins.csproj", "{C875AA53-0164-3846-16E8-53B8059034DC}"
EndProject
Global
	GlobalSection(SolutionConfigurationPlatforms) = preSolution
		Debug|Any CPU = Debug|Any CPU
		Release|Any CPU = Release|Any CPU
	EndGlobalSection
	GlobalSection(ProjectConfigurationPlatforms) = postSolution
		{D13AD1AB-A59D-9FEF-E00C-417900AC3239}.Debug|Any CPU.ActiveCfg = Debug|Any CPU
		{D13AD1AB-A59D-9FEF-E00C-417900AC3239}.Debug|Any CPU.Build.0 = Debug|Any CPU
		{D13AD1AB-A59D-9FEF-E00C-417900AC3239}.Release|Any CPU.ActiveCfg = Release|Any CPU
		{D13AD1AB-A59D-9FEF-E00C-417900AC3239}.Release|Any CPU.Build.0 = Release|Any CPU
		{1095DD0F-54E0-289E-FA49-F106052BD13C}.Debug|Any CPU.ActiveCfg = Debug|Any CPU
		{1095DD0F-54E0-289E-FA49-F106052BD13C}.Debug|Any CPU.Build.0 = Debug|Any CPU
		{1095DD0F-54E0-289E-FA49-F106052BD13C}.Release|Any CPU.ActiveCfg = Release|Any CPU
		{1095DD0F-54E0-289E-FA49-F106052BD13C}.Release|Any CPU.Build.0 = Release|Any CPU
		{C875AA53-0164-3846-16E8-53B8059034DC}.Debug|Any CPU.ActiveCfg = Debug|Any CPU
		{C875AA53-0164-3846-16E8-53B8059034DC}.Debug|Any CPU.Build.0 = Debug|Any CPU
		{C875AA53-0164-3846-16E8-53B8059034DC}.Release|Any CPU.ActiveCfg = Release|Any CPU
		{C875AA53-0164-3846-16E8-53B8059034DC}.Release|Any CPU.Build.0 = Release|Any CPU
	EndGlobalSection
	GlobalSection(SolutionProperties) = preSolution
		HideSolutionNode = FALSE
	EndGlobalSection
EndGlobal
